
Microsoft Visual Studio Solution File, Format Version 10.00
# Visual Studio 2008
Project("{FAE04EC0-301F-11D3-BF4B-00C04F79EFBC}") = "CodeGen", "CodeGen\CodeGen.csproj", "{037F3314-BA6A-4ADD-86EE-92E5B156FACA}"
EndProject
Global
	GlobalSection(SolutionConfigurationPlatforms) = preSolution
		Debug|Any CPU = Debug|Any CPU
		Release|Any CPU = Release|Any CPU
	EndGlobalSection
	GlobalSection(ProjectConfigurationPlatforms) = postSolution
		{037F3314-BA6A-4ADD-86EE-92E5B156FACA}.Debug|Any CPU.ActiveCfg = Debug|Any CPU
		{037F3314-BA6A-4ADD-86EE-92E5B156FACA}.Debug|Any CPU.Build.0 = Debug|Any CPU
		{037F3314-BA6A-4ADD-86EE-92E5B156FACA}.Release|Any CPU.ActiveCfg = Release|Any CPU
		{037F3314-BA6A-4ADD-86EE-92E5B156FACA}.Release|Any CPU.Build.0 = Release|Any CPU
	EndGlobalSection
	GlobalSection(SolutionProperties) = preSolution
		HideSolutionNode = FALSE
	EndGlobalSection
EndGlobal
